
Microsoft Visual Studio Solution File, Format Version 12.00
# Visual Studio Version 17
VisualStudioVersion = 17.4.33205.214
MinimumVisualStudioVersion = 10.0.40219.1
Project("{FAE04EC0-301F-11D3-BF4B-00C04F79EFBC}") = "05 LogAnalysis", "05 LogAnalysis\05 LogAnalysis.csproj", "{2990D4E1-1B50-4640-988D-7FD84D273BAB}"
EndProject
Project("{FAE04EC0-301F-11D3-BF4B-00C04F79EFBC}") = "02 Lasagna", "02 Lasagna\02 Lasagna.csproj", "{C6C42791-28BD-4AD2-BCFC-A8D70B552AC7}"
EndProject
Project("{FAE04EC0-301F-11D3-BF4B-00C04F79EFBC}") = "03 LogLines", "03 LogLines\03 LogLines.csproj", "{7D26A262-BD36-4EBF-8363-5793ADEB2EBC}"
EndProject
Project("{FAE04EC0-301F-11D3-BF4B-00C04F79EFBC}") = "04 QuestLogic", "04 QuestLogic\04 QuestLogic.csproj", "{5F46333B-5550-4610-A03E-E2FCAE69A8EC}"
EndProject
Project("{FAE04EC0-301F-11D3-BF4B-00C04F79EFBC}") = "01 HelloWorld", "01 HelloWorld\01 HelloWorld.csproj", "{96916C97-7B7B-4694-8C31-776B6C0FE05E}"
EndProject
Project("{FAE04EC0-301F-11D3-BF4B-00C04F79EFBC}") = "06 CarsAssemble", "06 CarsAssemble\06 CarsAssemble.csproj", "{311055C5-A05F-4A81-A191-A0E1D52960B4}"
EndProject
Project("{FAE04EC0-301F-11D3-BF4B-00C04F79EFBC}") = "07 PhoneNumberAnalysis", "07 PhoneNumberAnalysis\07 PhoneNumberAnalysis.csproj", "{0AF6BD3C-6355-43F3-8BCB-63A6DA4F5232}"
EndProject
Project("{FAE04EC0-301F-11D3-BF4B-00C04F79EFBC}") = "08 TimFromMarketing", "08 TimFromMarketing\08 TimFromMarketing.csproj", "{DC90ADC7-5AE8-4C6A-8708-41EFE4593177}"
EndProject
Project("{FAE04EC0-301F-11D3-BF4B-00C04F79EFBC}") = "09 InterestIsInteresting", "09 InterestIsInteresting\09 InterestIsInteresting.csproj", "{5246041B-284D-44DE-9AC2-9531D8C100B8}"
EndProject
Project("{FAE04EC0-301F-11D3-BF4B-00C04F79EFBC}") = "10 Leap", "10 Leap\10 Leap.csproj", "{025A2B2D-3BB8-4D75-80A3-480EDC8B7FE5}"
EndProject
Global
	GlobalSection(SolutionConfigurationPlatforms) = preSolution
		Debug|Any CPU = Debug|Any CPU
		Release|Any CPU = Release|Any CPU
	EndGlobalSection
	GlobalSection(ProjectConfigurationPlatforms) = postSolution
		{2990D4E1-1B50-4640-988D-7FD84D273BAB}.Debug|Any CPU.ActiveCfg = Debug|Any CPU
		{2990D4E1-1B50-4640-988D-7FD84D273BAB}.Debug|Any CPU.Build.0 = Debug|Any CPU
		{2990D4E1-1B50-4640-988D-7FD84D273BAB}.Release|Any CPU.ActiveCfg = Release|Any CPU
		{2990D4E1-1B50-4640-988D-7FD84D273BAB}.Release|Any CPU.Build.0 = Release|Any CPU
		{C6C42791-28BD-4AD2-BCFC-A8D70B552AC7}.Debug|Any CPU.ActiveCfg = Debug|Any CPU
		{C6C42791-28BD-4AD2-BCFC-A8D70B552AC7}.Debug|Any CPU.Build.0 = Debug|Any CPU
		{C6C42791-28BD-4AD2-BCFC-A8D70B552AC7}.Release|Any CPU.ActiveCfg = Release|Any CPU
		{C6C42791-28BD-4AD2-BCFC-A8D70B552AC7}.Release|Any CPU.Build.0 = Release|Any CPU
		{7D26A262-BD36-4EBF-8363-5793ADEB2EBC}.Debug|Any CPU.ActiveCfg = Debug|Any CPU
		{7D26A262-BD36-4EBF-8363-5793ADEB2EBC}.Debug|Any CPU.Build.0 = Debug|Any CPU
		{7D26A262-BD36-4EBF-8363-5793ADEB2EBC}.Release|Any CPU.ActiveCfg = Release|Any CPU
		{7D26A262-BD36-4EBF-8363-5793ADEB2EBC}.Release|Any CPU.Build.0 = Release|Any CPU
		{5F46333B-5550-4610-A03E-E2FCAE69A8EC}.Debug|Any CPU.ActiveCfg = Debug|Any CPU
		{5F46333B-5550-4610-A03E-E2FCAE69A8EC}.Debug|Any CPU.Build.0 = Debug|Any CPU
		{5F46333B-5550-4610-A03E-E2FCAE69A8EC}.Release|Any CPU.ActiveCfg = Release|Any CPU
		{5F46333B-5550-4610-A03E-E2FCAE69A8EC}.Release|Any CPU.Build.0 = Release|Any CPU
		{96916C97-7B7B-4694-8C31-776B6C0FE05E}.Debug|Any CPU.ActiveCfg = Debug|Any CPU
		{96916C97-7B7B-4694-8C31-776B6C0FE05E}.Debug|Any CPU.Build.0 = Debug|Any CPU
		{96916C97-7B7B-4694-8C31-776B6C0FE05E}.Release|Any CPU.ActiveCfg = Release|Any CPU
		{96916C97-7B7B-4694-8C31-776B6C0FE05E}.Release|Any CPU.Build.0 = Release|Any CPU
		{311055C5-A05F-4A81-A191-A0E1D52960B4}.Debug|Any CPU.ActiveCfg = Debug|Any CPU
		{311055C5-A05F-4A81-A191-A0E1D52960B4}.Debug|Any CPU.Build.0 = Debug|Any CPU
		{311055C5-A05F-4A81-A191-A0E1D52960B4}.Release|Any CPU.ActiveCfg = Release|Any CPU
		{311055C5-A05F-4A81-A191-A0E1D52960B4}.Release|Any CPU.Build.0 = Release|Any CPU
		{0AF6BD3C-6355-43F3-8BCB-63A6DA4F5232}.Debug|Any CPU.ActiveCfg = Debug|Any CPU
		{0AF6BD3C-6355-43F3-8BCB-63A6DA4F5232}.Debug|Any CPU.Build.0 = Debug|Any CPU
		{0AF6BD3C-6355-43F3-8BCB-63A6DA4F5232}.Release|Any CPU.ActiveCfg = Release|Any CPU
		{0AF6BD3C-6355-43F3-8BCB-63A6DA4F5232}.Release|Any CPU.Build.0 = Release|Any CPU
		{DC90ADC7-5AE8-4C6A-8708-41EFE4593177}.Debug|Any CPU.ActiveCfg = Debug|Any CPU
		{DC90ADC7-5AE8-4C6A-8708-41EFE4593177}.Debug|Any CPU.Build.0 = Debug|Any CPU
		{DC90ADC7-5AE8-4C6A-8708-41EFE4593177}.Release|Any CPU.ActiveCfg = Release|Any CPU
		{DC90ADC7-5AE8-4C6A-8708-41EFE4593177}.Release|Any CPU.Build.0 = Release|Any CPU
		{5246041B-284D-44DE-9AC2-9531D8C100B8}.Debug|Any CPU.ActiveCfg = Debug|Any CPU
		{5246041B-284D-44DE-9AC2-9531D8C100B8}.Debug|Any CPU.Build.0 = Debug|Any CPU
		{5246041B-284D-44DE-9AC2-9531D8C100B8}.Release|Any CPU.ActiveCfg = Release|Any CPU
		{5246041B-284D-44DE-9AC2-9531D8C100B8}.Release|Any CPU.Build.0 = Release|Any CPU
		{025A2B2D-3BB8-4D75-80A3-480EDC8B7FE5}.Debug|Any CPU.ActiveCfg = Debug|Any CPU
		{025A2B2D-3BB8-4D75-80A3-480EDC8B7FE5}.Debug|Any CPU.Build.0 = Debug|Any CPU
		{025A2B2D-3BB8-4D75-80A3-480EDC8B7FE5}.Release|Any CPU.ActiveCfg = Release|Any CPU
		{025A2B2D-3BB8-4D75-80A3-480EDC8B7FE5}.Release|Any CPU.Build.0 = Release|Any CPU
	EndGlobalSection
	GlobalSection(SolutionProperties) = preSolution
		HideSolutionNode = FALSE
	EndGlobalSection
	GlobalSection(ExtensibilityGlobals) = postSolution
		SolutionGuid = {C7106F67-2E35-449C-9DC4-099140B7B0BB}
	EndGlobalSection
EndGlobal
